{
  "name": "ILA Microblog.pub assets",
  "lockfileVersion": 2,
  "requires": true,
  "packages": {
    "": {
      "name": "ILA Microblog.pub assets",
      "dependencies": {
        "ila-ui-elements": "Aonrud/ila-ui-elements#semver:0.8.2"
      }
    },
    "node_modules/ila-ui-elements": {
      "name": "ila_ui_elements",
      "version": "0.8.2",
      "resolved": "git+ssh://git@github.com/Aonrud/ila-ui-elements.git#66bd1b0d5d7ff2b6e064e78f7db4c7522df0cd15",
      "license": "GPL-3.0-or-later"
    }
  },
  "dependencies": {
    "ila-ui-elements": {
      "version": "git+ssh://git@github.com/Aonrud/ila-ui-elements.git#66bd1b0d5d7ff2b6e064e78f7db4c7522df0cd15",
      "from": "ila-ui-elements@Aonrud/ila-ui-elements#semver:0.8.2"
    }
  }
}
