{
  "name": "ILA Microblog.pub assets",
  "lockfileVersion": 2,
  "requires": true,
  "packages": {
    "": {
      "name": "ILA Microblog.pub assets",
      "dependencies": {
        "ila-ui-elements": "Aonrud/ila-ui-elements#semver:0.5.1"
      }
    },
    "node_modules/ila-ui-elements": {
      "name": "ila_ui_elements",
      "version": "0.5.0",
      "resolved": "git+ssh://git@github.com/Aonrud/ila-ui-elements.git#6143d60f5e583ef1229408214797c9850f9a9dc6",
      "license": "GPL-3.0-or-later"
    }
  },
  "dependencies": {
    "ila-ui-elements": {
      "version": "git+ssh://git@github.com/Aonrud/ila-ui-elements.git#6143d60f5e583ef1229408214797c9850f9a9dc6",
      "from": "git+ssh://git@github.com/Aonrud/ila-ui-elements.git#6143d60f5e583ef1229408214797c9850f9a9dc6"
    }
  }
}
