{
  "name": "ILA Microblog.pub assets",
  "lockfileVersion": 2,
  "requires": true,
  "packages": {
    "": {
      "name": "ILA Microblog.pub assets",
      "dependencies": {
        "ila-ui-elements": "Aonrud/ila-ui-elements#semver:0.7.0"
      }
    },
    "node_modules/ila-ui-elements": {
      "name": "ila_ui_elements",
      "version": "0.7.0",
      "resolved": "git+ssh://git@github.com/Aonrud/ila-ui-elements.git#2c3796493b9852bb9d8a65a09adac621684d1c7f",
      "license": "GPL-3.0-or-later"
    }
  },
  "dependencies": {
    "ila-ui-elements": {
      "version": "git+ssh://git@github.com/Aonrud/ila-ui-elements.git#2c3796493b9852bb9d8a65a09adac621684d1c7f",
      "from": "ila-ui-elements@Aonrud/ila-ui-elements#semver:0.7.0"
    }
  }
}
