lockfileVersion: '6.0'

settings:
  autoInstallPeers: true
  excludeLinksFromLockfile: false

devDependencies:
  '@panzoom/panzoom':
    specifier: ^4.5.1
    version: 4.5.1
  ila-ui-elements:
    specifier: git+https://git.aonghus.org/Irish-Left-Archive/ila-ui-elements.git#semver:0.9.0
    version: git.aonghus.org/Irish-Left-Archive/ila-ui-elements/3409cd600d42972200d5bc6f5e4bbf970e1ca0d6

packages:

  /@panzoom/panzoom@4.5.1:
    resolution: {integrity: sha512-QOr/t7314XTwgAUDazR+RDcTAWSbkpjDnZJddd9f56jSUA8ptUsyDblAb+sp/O5O1o5Fiu9KpWxVHKuhGUgp5w==}
    dev: true

  git.aonghus.org/Irish-Left-Archive/ila-ui-elements/3409cd600d42972200d5bc6f5e4bbf970e1ca0d6:
    resolution: {commit: 3409cd600d42972200d5bc6f5e4bbf970e1ca0d6, repo: https://git.aonghus.org/Irish-Left-Archive/ila-ui-elements.git, type: git}
    name: ila_ui_elements
    version: 0.9.0
    dev: true
